// !$*UTF8*$!
{
	archiveVersion = 1;
	classes = {
	};
	objectVersion = 55;
	objects = {

/* Begin PBXBuildFile section */
		F732587627F36205007A8036 /* AppDelegate.swift in Sources */ = {isa = PBXBuildFile; fileRef = F732587527F36205007A8036 /* AppDelegate.swift */; };
		F732587827F36205007A8036 /* SceneDelegate.swift in Sources */ = {isa = PBXBuildFile; fileRef = F732587727F36205007A8036 /* SceneDelegate.swift */; };
		F732587A27F36205007A8036 /* AddStoryPromptViewController.swift in Sources */ = {isa = PBXBuildFile; fileRef = F732587927F36205007A8036 /* AddStoryPromptViewController.swift */; };
		F732587D27F36205007A8036 /* Main.storyboard in Resources */ = {isa = PBXBuildFile; fileRef = F732587B27F36205007A8036 /* Main.storyboard */; };
		F732587F27F3620C007A8036 /* Assets.xcassets in Resources */ = {isa = PBXBuildFile; fileRef = F732587E27F3620C007A8036 /* Assets.xcassets */; };
		F732588227F3620C007A8036 /* LaunchScreen.storyboard in Resources */ = {isa = PBXBuildFile; fileRef = F732588027F3620C007A8036 /* LaunchScreen.storyboard */; };
		F732588B27F367BA007A8036 /* StoryPromptEntry.swift in Sources */ = {isa = PBXBuildFile; fileRef = F732588A27F367BA007A8036 /* StoryPromptEntry.swift */; };
		F732588D27F367CE007A8036 /* StoryPrompts.swift in Sources */ = {isa = PBXBuildFile; fileRef = F732588C27F367CE007A8036 /* StoryPrompts.swift */; };
		F75A836C27F509AE00BA37CD /* StoryPromptViewController.swift in Sources */ = {isa = PBXBuildFile; fileRef = F75A836B27F509AE00BA37CD /* StoryPromptViewController.swift */; };
/* End PBXBuildFile section */

/* Begin PBXFileReference section */
		F732587227F36205007A8036 /* StoryPrompt.app */ = {isa = PBXFileReference; explicitFileType = wrapper.application; includeInIndex = 0; path = StoryPrompt.app; sourceTree = BUILT_PRODUCTS_DIR; };
		F732587527F36205007A8036 /* AppDelegate.swift */ = {isa = PBXFileReference; lastKnownFileType = sourcecode.swift; path = AppDelegate.swift; sourceTree = "<group>"; };
		F732587727F36205007A8036 /* SceneDelegate.swift */ = {isa = PBXFileReference; lastKnownFileType = sourcecode.swift; path = SceneDelegate.swift; sourceTree = "<group>"; };
		F732587927F36205007A8036 /* AddStoryPromptViewController.swift */ = {isa = PBXFileReference; lastKnownFileType = sourcecode.swift; path = AddStoryPromptViewController.swift; sourceTree = "<group>"; };
		F732587C27F36205007A8036 /* Base */ = {isa = PBXFileReference; lastKnownFileType = file.storyboard; name = Base; path = Base.lproj/Main.storyboard; sourceTree = "<group>"; };
		F732587E27F3620C007A8036 /* Assets.xcassets */ = {isa = PBXFileReference; lastKnownFileType = folder.assetcatalog; path = Assets.xcassets; sourceTree = "<group>"; };
		F732588127F3620C007A8036 /* Base */ = {isa = PBXFileReference; lastKnownFileType = file.storyboard; name = Base; path = Base.lproj/LaunchScreen.storyboard; sourceTree = "<group>"; };
		F732588327F3620C007A8036 /* Info.plist */ = {isa = PBXFileReference; lastKnownFileType = text.plist.xml; path = Info.plist; sourceTree = "<group>"; };
		F732588A27F367BA007A8036 /* StoryPromptEntry.swift */ = {isa = PBXFileReference; lastKnownFileType = sourcecode.swift; path = StoryPromptEntry.swift; sourceTree = "<group>"; };
		F732588C27F367CE007A8036 /* StoryPrompts.swift */ = {isa = PBXFileReference; lastKnownFileType = sourcecode.swift; path = StoryPrompts.swift; sourceTree = "<group>"; };
		F75A836B27F509AE00BA37CD /* StoryPromptViewController.swift */ = {isa = PBXFileReference; lastKnownFileType = sourcecode.swift; path = StoryPromptViewController.swift; sourceTree = "<group>"; };
/* End PBXFileReference section */

/* Begin PBXFrameworksBuildPhase section */
		F732586F27F36205007A8036 /* Frameworks */ = {
			isa = PBXFrameworksBuildPhase;
			buildActionMask = 2147483647;
			files = (
			);
			runOnlyForDeploymentPostprocessing = 0;
		};
/* End PBXFrameworksBuildPhase section */

/* Begin PBXGroup section */
		F732586927F36205007A8036 = {
			isa = PBXGroup;
			children = (
				F732587427F36205007A8036 /* StoryPrompt */,
				F732587327F36205007A8036 /* Products */,
			);
			sourceTree = "<group>";
		};
		F732587327F36205007A8036 /* Products */ = {
			isa = PBXGroup;
			children = (
				F732587227F36205007A8036 /* StoryPrompt.app */,
			);
			name = Products;
			sourceTree = "<group>";
		};
		F732587427F36205007A8036 /* StoryPrompt */ = {
			isa = PBXGroup;
			children = (
				F75A836D27F509BE00BA37CD /* ViewControllers */,
				F732588927F36700007A8036 /* Model */,
				F732587527F36205007A8036 /* AppDelegate.swift */,
				F732587727F36205007A8036 /* SceneDelegate.swift */,
				F732587B27F36205007A8036 /* Main.storyboard */,
				F732587E27F3620C007A8036 /* Assets.xcassets */,
				F732588027F3620C007A8036 /* LaunchScreen.storyboard */,
				F732588327F3620C007A8036 /* Info.plist */,
			);
			path = StoryPrompt;
			sourceTree = "<group>";
		};
		F732588927F36700007A8036 /* Model */ = {
			isa = PBXGroup;
			children = (
				F732588A27F367BA007A8036 /* StoryPromptEntry.swift */,
				F732588C27F367CE007A8036 /* StoryPrompts.swift */,
			);
			path = Model;
			sourceTree = "<group>";
		};
		F75A836D27F509BE00BA37CD /* ViewControllers */ = {
			isa = PBXGroup;
			children = (
				F75A836B27F509AE00BA37CD /* StoryPromptViewController.swift */,
				F732587927F36205007A8036 /* AddStoryPromptViewController.swift */,
			);
			path = ViewControllers;
			sourceTree = "<group>";
		};
/* End PBXGroup section */

/* Begin PBXNativeTarget section */
		F732587127F36205007A8036 /* StoryPrompt */ = {
			isa = PBXNativeTarget;
			buildConfigurationList = F732588627F3620C007A8036 /* Build configuration list for PBXNativeTarget "StoryPrompt" */;
			buildPhases = (
				F732586E27F36205007A8036 /* Sources */,
				F732586F27F36205007A8036 /* Frameworks */,
				F732587027F36205007A8036 /* Resources */,
			);
			buildRules = (
			);
			dependencies = (
			);
			name = StoryPrompt;
			productName = StoryPrompt;
			productReference = F732587227F36205007A8036 /* StoryPrompt.app */;
			productType = "com.apple.product-type.application";
		};
/* End PBXNativeTarget section */

/* Begin PBXProject section */
		F732586A27F36205007A8036 /* Project object */ = {
			isa = PBXProject;
			attributes = {
				BuildIndependentTargetsInParallel = 1;
				LastSwiftUpdateCheck = 1330;
				LastUpgradeCheck = 1330;
				TargetAttributes = {
					F732587127F36205007A8036 = {
						CreatedOnToolsVersion = 13.3;
					};
				};
			};
			buildConfigurationList = F732586D27F36205007A8036 /* Build configuration list for PBXProject "StoryPrompt" */;
			compatibilityVersion = "Xcode 13.0";
			developmentRegion = en;
			hasScannedForEncodings = 0;
			knownRegions = (
				en,
				Base,
			);
			mainGroup = F732586927F36205007A8036;
			productRefGroup = F732587327F36205007A8036 /* Products */;
			projectDirPath = "";
			projectRoot = "";
			targets = (
				F732587127F36205007A8036 /* StoryPrompt */,
			);
		};
/* End PBXProject section */

/* Begin PBXResourcesBuildPhase section */
		F732587027F36205007A8036 /* Resources */ = {
			isa = PBXResourcesBuildPhase;
			buildActionMask = 2147483647;
			files = (
				F732588227F3620C007A8036 /* LaunchScreen.storyboard in Resources */,
				F732587F27F3620C007A8036 /* Assets.xcassets in Resources */,
				F732587D27F36205007A8036 /* Main.storyboard in Resources */,
			);
			runOnlyForDeploymentPostprocessing = 0;
		};
/* End PBXResourcesBuildPhase section */

/* Begin PBXSourcesBuildPhase section */
		F732586E27F36205007A8036 /* Sources */ = {
			isa = PBXSourcesBuildPhase;
			buildActionMask = 2147483647;
			files = (
				F75A836C27F509AE00BA37CD /* StoryPromptViewController.swift in Sources */,
				F732588D27F367CE007A8036 /* StoryPrompts.swift in Sources */,
				F732587A27F36205007A8036 /* AddStoryPromptViewController.swift in Sources */,
				F732587627F36205007A8036 /* AppDelegate.swift in Sources */,
				F732588B27F367BA007A8036 /* StoryPromptEntry.swift in Sources */,
				F732587827F36205007A8036 /* SceneDelegate.swift in Sources */,
			);
			runOnlyForDeploymentPostprocessing = 0;
		};
/* End PBXSourcesBuildPhase section */

/* Begin PBXVariantGroup section */
		F732587B27F36205007A8036 /* Main.storyboard */ = {
			isa = PBXVariantGroup;
			children = (
				F732587C27F36205007A8036 /* Base */,
			);
			name = Main.storyboard;
			sourceTree = "<group>";
		};
		F732588027F3620C007A8036 /* LaunchScreen.storyboard */ = {
			isa = PBXVariantGroup;
			children = (
				F732588127F3620C007A8036 /* Base */,
			);
			name = LaunchScreen.storyboard;
			sourceTree = "<group>";
		};
/* End PBXVariantGroup section */

/* Begin XCBuildConfiguration section */
		F732588427F3620C007A8036 /* Debug */ = {
			isa = XCBuildConfiguration;
			buildSettings = {
				ALWAYS_SEARCH_USER_PATHS = NO;
				CLANG_ANALYZER_NONNULL = YES;
				CLANG_ANALYZER_NUMBER_OBJECT_CONVERSION = YES_AGGRESSIVE;
				CLANG_CXX_LANGUAGE_STANDARD = "gnu++17";
				CLANG_ENABLE_MODULES = YES;
				CLANG_ENABLE_OBJC_ARC = YES;
				CLANG_ENABLE_OBJC_WEAK = YES;
				CLANG_WARN_BLOCK_CAPTURE_AUTORELEASING = YES;
				CLANG_WARN_BOOL_CONVERSION = YES;
				CLANG_WARN_COMMA = YES;
				CLANG_WARN_CONSTANT_CONVERSION = YES;
				CLANG_WARN_DEPRECATED_OBJC_IMPLEMENTATIONS = YES;
				CLANG_WARN_DIRECT_OBJC_ISA_USAGE = YES_ERROR;
				CLANG_WARN_DOCUMENTATION_COMMENTS = YES;
				CLANG_WARN_EMPTY_BODY = YES;
				CLANG_WARN_ENUM_CONVERSION = YES;
				CLANG_WARN_INFINITE_RECURSION = YES;
				CLANG_WARN_INT_CONVERSION = YES;
				CLANG_WARN_NON_LITERAL_NULL_CONVERSION = YES;
				CLANG_WARN_OBJC_IMPLICIT_RETAIN_SELF = YES;
				CLANG_WARN_OBJC_LITERAL_CONVERSION = YES;
				CLANG_WARN_OBJC_ROOT_CLASS = YES_ERROR;
				CLANG_WARN_QUOTED_INCLUDE_IN_FRAMEWORK_HEADER = YES;
				CLANG_WARN_RANGE_LOOP_ANALYSIS = YES;
				CLANG_WARN_STRICT_PROTOTYPES = YES;
				CLANG_WARN_SUSPICIOUS_MOVE = YES;
				CLANG_WARN_UNGUARDED_AVAILABILITY = YES_AGGRESSIVE;
				CLANG_WARN_UNREACHABLE_CODE = YES;
				CLANG_WARN__DUPLICATE_METHOD_MATCH = YES;
				COPY_PHASE_STRIP = NO;
				DEBUG_INFORMATION_FORMAT = dwarf;
				ENABLE_STRICT_OBJC_MSGSEND = YES;
				ENABLE_TESTABILITY = YES;
				GCC_C_LANGUAGE_STANDARD = gnu11;
				GCC_DYNAMIC_NO_PIC = NO;
				GCC_NO_COMMON_BLOCKS = YES;
				GCC_OPTIMIZATION_LEVEL = 0;
				GCC_PREPROCESSOR_DEFINITIONS = (
					"DEBUG=1",
					"$(inherited)",
				);
				GCC_WARN_64_TO_32_BIT_CONVERSION = YES;
				GCC_WARN_ABOUT_RETURN_TYPE = YES_ERROR;
				GCC_WARN_UNDECLARED_SELECTOR = YES;
				GCC_WARN_UNINITIALIZED_AUTOS = YES_AGGRESSIVE;
				GCC_WARN_UNUSED_FUNCTION = YES;
				GCC_WARN_UNUSED_VARIABLE = YES;
				IPHONEOS_DEPLOYMENT_TARGET = 15.4;
				MTL_ENABLE_DEBUG_INFO = INCLUDE_SOURCE;
				MTL_FAST_MATH = YES;
				ONLY_ACTIVE_ARCH = YES;
				SDKROOT = iphoneos;
				SWIFT_ACTIVE_COMPILATION_CONDITIONS = DEBUG;
				SWIFT_OPTIMIZATION_LEVEL = "-Onone";
			};
			name = Debug;
		};
		F732588527F3620C007A8036 /* Release */ = {
			isa = XCBuildConfiguration;
			buildSettings = {
				ALWAYS_SEARCH_USER_PATHS = NO;
				CLANG_ANALYZER_NONNULL = YES;
				CLANG_ANALYZER_NUMBER_OBJECT_CONVERSION = YES_AGGRESSIVE;
				CLANG_CXX_LANGUAGE_STANDARD = "gnu++17";
				CLANG_ENABLE_MODULES = YES;
				CLANG_ENABLE_OBJC_ARC = YES;
				CLANG_ENABLE_OBJC_WEAK = YES;
				CLANG_WARN_BLOCK_CAPTURE_AUTORELEASING = YES;
				CLANG_WARN_BOOL_CONVERSION = YES;
				CLANG_WARN_COMMA = YES;
				CLANG_WARN_CONSTANT_CONVERSION = YES;
				CLANG_WARN_DEPRECATED_OBJC_IMPLEMENTATIONS = YES;
				CLANG_WARN_DIRECT_OBJC_ISA_USAGE = YES_ERROR;
				CLANG_WARN_DOCUMENTATION_COMMENTS = YES;
				CLANG_WARN_EMPTY_BODY = YES;
				CLANG_WARN_ENUM_CONVERSION = YES;
				CLANG_WARN_INFINITE_RECURSION = YES;
				CLANG_WARN_INT_CONVERSION = YES;
				CLANG_WARN_NON_LITERAL_NULL_CONVERSION = YES;
				CLANG_WARN_OBJC_IMPLICIT_RETAIN_SELF = YES;
				CLANG_WARN_OBJC_LITERAL_CONVERSION = YES;
				CLANG_WARN_OBJC_ROOT_CLASS = YES_ERROR;
				CLANG_WARN_QUOTED_INCLUDE_IN_FRAMEWORK_HEADER = YES;
				CLANG_WARN_RANGE_LOOP_ANALYSIS = YES;
				CLANG_WARN_STRICT_PROTOTYPES = YES;
				CLANG_WARN_SUSPICIOUS_MOVE = YES;
				CLANG_WARN_UNGUARDED_AVAILABILITY = YES_AGGRESSIVE;
				CLANG_WARN_UNREACHABLE_CODE = YES;
				CLANG_WARN__DUPLICATE_METHOD_MATCH = YES;
				COPY_PHASE_STRIP = NO;
				DEBUG_INFORMATION_FORMAT = "dwarf-with-dsym";
				ENABLE_NS_ASSERTIONS = NO;
				ENABLE_STRICT_OBJC_MSGSEND = YES;
				GCC_C_LANGUAGE_STANDARD = gnu11;
				GCC_NO_COMMON_BLOCKS = YES;
				GCC_WARN_64_TO_32_BIT_CONVERSION = YES;
				GCC_WARN_ABOUT_RETURN_TYPE = YES_ERROR;
				GCC_WARN_UNDECLARED_SELECTOR = YES;
				GCC_WARN_UNINITIALIZED_AUTOS = YES_AGGRESSIVE;
				GCC_WARN_UNUSED_FUNCTION = YES;
				GCC_WARN_UNUSED_VARIABLE = YES;
				IPHONEOS_DEPLOYMENT_TARGET = 15.4;
				MTL_ENABLE_DEBUG_INFO = NO;
				MTL_FAST_MATH = YES;
				SDKROOT = iphoneos;
				SWIFT_COMPILATION_MODE = wholemodule;
				SWIFT_OPTIMIZATION_LEVEL = "-O";
				VALIDATE_PRODUCT = YES;
			};
			name = Release;
		};
		F732588727F3620C007A8036 /* Debug */ = {
			isa = XCBuildConfiguration;
			buildSettings = {
				ASSETCATALOG_COMPILER_APPICON_NAME = AppIcon;
				ASSETCATALOG_COMPILER_GLOBAL_ACCENT_COLOR_NAME = AccentColor;
				CODE_SIGN_STYLE = Automatic;
				CURRENT_PROJECT_VERSION = 1;
				DEVELOPMENT_TEAM = 2GXCRAXVJ8;
				GENERATE_INFOPLIST_FILE = YES;
				INFOPLIST_FILE = StoryPrompt/Info.plist;
				INFOPLIST_KEY_UIApplicationSupportsIndirectInputEvents = YES;
				INFOPLIST_KEY_UILaunchStoryboardName = LaunchScreen;
				INFOPLIST_KEY_UIMainStoryboardFile = Main;
				INFOPLIST_KEY_UISupportedInterfaceOrientations = UIInterfaceOrientationPortrait;
				INFOPLIST_KEY_UISupportedInterfaceOrientations_iPad = "UIInterfaceOrientationPortrait UIInterfaceOrientationPortraitUpsideDown UIInterfaceOrientationLandscapeLeft UIInterfaceOrientationLandscapeRight";
				INFOPLIST_KEY_UISupportedInterfaceOrientations_iPhone = "UIInterfaceOrientationPortrait UIInterfaceOrientationLandscapeLeft UIInterfaceOrientationLandscapeRight";
				LD_RUNPATH_SEARCH_PATHS = (
					"$(inherited)",
					"@executable_path/Frameworks",
				);
				MARKETING_VERSION = 1.0;
				PRODUCT_BUNDLE_IDENTIFIER = com.accreditaire.StoryPrompt;
				PRODUCT_NAME = "$(TARGET_NAME)";
				SWIFT_EMIT_LOC_STRINGS = YES;
				SWIFT_VERSION = 5.0;
				TARGETED_DEVICE_FAMILY = "1,2";
			};
			name = Debug;
		};
		F732588827F3620C007A8036 /* Release */ = {
			isa = XCBuildConfiguration;
			buildSettings = {
				ASSETCATALOG_COMPILER_APPICON_NAME = AppIcon;
				ASSETCATALOG_COMPILER_GLOBAL_ACCENT_COLOR_NAME = AccentColor;
				CODE_SIGN_STYLE = Automatic;
				CURRENT_PROJECT_VERSION = 1;
				DEVELOPMENT_TEAM = 2GXCRAXVJ8;
				GENERATE_INFOPLIST_FILE = YES;
				INFOPLIST_FILE = StoryPrompt/Info.plist;
				INFOPLIST_KEY_UIApplicationSupportsIndirectInputEvents = YES;
				INFOPLIST_KEY_UILaunchStoryboardName = LaunchScreen;
				INFOPLIST_KEY_UIMainStoryboardFile = Main;
				INFOPLIST_KEY_UISupportedInterfaceOrientations = UIInterfaceOrientationPortrait;
				INFOPLIST_KEY_UISupportedInterfaceOrientations_iPad = "UIInterfaceOrientationPortrait UIInterfaceOrientationPortraitUpsideDown UIInterfaceOrientationLandscapeLeft UIInterfaceOrientationLandscapeRight";
				INFOPLIST_KEY_UISupportedInterfaceOrientations_iPhone = "UIInterfaceOrientationPortrait UIInterfaceOrientationLandscapeLeft UIInterfaceOrientationLandscapeRight";
				LD_RUNPATH_SEARCH_PATHS = (
					"$(inherited)",
					"@executable_path/Frameworks",
				);
				MARKETING_VERSION = 1.0;
				PRODUCT_BUNDLE_IDENTIFIER = com.accreditaire.StoryPrompt;
				PRODUCT_NAME = "$(TARGET_NAME)";
				SWIFT_EMIT_LOC_STRINGS = YES;
				SWIFT_VERSION = 5.0;
				TARGETED_DEVICE_FAMILY = "1,2";
			};
			name = Release;
		};
/* End XCBuildConfiguration section */

/* Begin XCConfigurationList section */
		F732586D27F36205007A8036 /* Build configuration list for PBXProject "StoryPrompt" */ = {
			isa = XCConfigurationList;
			buildConfigurations = (
				F732588427F3620C007A8036 /* Debug */,
				F732588527F3620C007A8036 /* Release */,
			);
			defaultConfigurationIsVisible = 0;
			defaultConfigurationName = Release;
		};
		F732588627F3620C007A8036 /* Build configuration list for PBXNativeTarget "StoryPrompt" */ = {
			isa = XCConfigurationList;
			buildConfigurations = (
				F732588727F3620C007A8036 /* Debug */,
				F732588827F3620C007A8036 /* Release */,
			);
			defaultConfigurationIsVisible = 0;
			defaultConfigurationName = Release;
		};
/* End XCConfigurationList section */
	};
	rootObject = F732586A27F36205007A8036 /* Project object */;
}
